{
  "version": 4,
  "terraform_version": "1.4.2",
  "serial": 30,
  "lineage": "a580d4ae-4589-740b-b527-b9963fadd913",
  "outputs": {},
  "resources": [
    {
      "mode": "managed",
      "type": "yandex_container_registry",
      "name": "hackaton",
      "provider": "provider[\"registry.terraform.io/yandex-cloud/yandex\"]",
      "instances": [
        {
          "schema_version": 0,
          "attributes": {
            "created_at": "2023-04-27T19:50:20Z",
            "folder_id": "b1g9g95emqk8fk5gvfdv",
            "id": "crpfq1gcvc90nlip4lp1",
            "labels": {},
            "name": "hackaton",
            "status": "active",
            "timeouts": null
          },
          "sensitive_attributes": [],
          "private": "eyJlMmJmYjczMC1lY2FhLTExZTYtOGY4OC0zNDM2M2JjN2M0YzAiOnsiY3JlYXRlIjo5MDAwMDAwMDAwMDAsImRlbGV0ZSI6OTAwMDAwMDAwMDAwLCJ1cGRhdGUiOjkwMDAwMDAwMDAwMH19",
          "dependencies": [
            "yandex_resourcemanager_folder.hackaton"
          ]
        }
      ]
    },
    {
      "mode": "managed",
      "type": "yandex_iam_service_account",
      "name": "hackaton",
      "provider": "provider[\"registry.terraform.io/yandex-cloud/yandex\"]",
      "instances": [
        {
          "schema_version": 0,
          "attributes": {
            "created_at": "2023-04-27T19:48:49Z",
            "description": "service account to manage hackaton infra",
            "folder_id": "b1g9g95emqk8fk5gvfdv",
            "id": "aje9ulm5lj37dsvvdcf9",
            "name": "hackaton-editor",
            "timeouts": null
          },
          "sensitive_attributes": [],
          "private": "eyJlMmJmYjczMC1lY2FhLTExZTYtOGY4OC0zNDM2M2JjN2M0YzAiOnsiY3JlYXRlIjo2MDAwMDAwMDAwMCwiZGVsZXRlIjo2MDAwMDAwMDAwMCwidXBkYXRlIjo2MDAwMDAwMDAwMH19",
          "dependencies": [
            "yandex_resourcemanager_folder.hackaton"
          ]
        }
      ]
    },
    {
      "mode": "managed",
      "type": "yandex_resourcemanager_folder",
      "name": "hackaton",
      "provider": "provider[\"registry.terraform.io/yandex-cloud/yandex\"]",
      "instances": [
        {
          "schema_version": 0,
          "attributes": {
            "cloud_id": "b1gle98kkgo9mfqotqme",
            "created_at": "2023-04-27T19:47:30Z",
            "description": "",
            "id": "b1g9g95emqk8fk5gvfdv",
            "labels": {},
            "name": "hackaton",
            "timeouts": null
          },
          "sensitive_attributes": [],
          "private": "eyJlMmJmYjczMC1lY2FhLTExZTYtOGY4OC0zNDM2M2JjN2M0YzAiOnsiY3JlYXRlIjo2MDAwMDAwMDAwMCwiZGVsZXRlIjoxODAwMDAwMDAwMDAwLCJyZWFkIjo2MDAwMDAwMDAwMCwidXBkYXRlIjo2MDAwMDAwMDAwMH19"
        }
      ]
    },
    {
      "mode": "managed",
      "type": "yandex_resourcemanager_folder_iam_member",
      "name": "hackaton",
      "provider": "provider[\"registry.terraform.io/yandex-cloud/yandex\"]",
      "instances": [
        {
          "schema_version": 0,
          "attributes": {
            "folder_id": "b1g9g95emqk8fk5gvfdv",
            "id": "b1g9g95emqk8fk5gvfdv/editor/serviceAccount:aje9ulm5lj37dsvvdcf9",
            "member": "serviceAccount:aje9ulm5lj37dsvvdcf9",
            "role": "editor",
            "sleep_after": null
          },
          "sensitive_attributes": [],
          "private": "bnVsbA==",
          "dependencies": [
            "yandex_iam_service_account.hackaton",
            "yandex_resourcemanager_folder.hackaton"
          ]
        }
      ]
    },
    {
      "mode": "managed",
      "type": "yandex_storage_bucket",
      "name": "hackaton",
      "provider": "provider[\"registry.terraform.io/yandex-cloud/yandex\"]",
      "instances": [
        {
          "status": "tainted",
          "schema_version": 0,
          "attributes": {
            "access_key": null,
            "acl": null,
            "anonymous_access_flags": [],
            "bucket": "terraform-20230427195208374500000001",
            "bucket_domain_name": null,
            "bucket_prefix": null,
            "cors_rule": [],
            "default_storage_class": null,
            "folder_id": "b1g9g95emqk8fk5gvfdv",
            "force_destroy": false,
            "grant": [],
            "https": [],
            "id": "terraform-20230427195208374500000001",
            "lifecycle_rule": [],
            "logging": [],
            "max_size": null,
            "object_lock_configuration": [],
            "policy": null,
            "secret_key": null,
            "server_side_encryption_configuration": [],
            "versioning": null,
            "website": [],
            "website_domain": null,
            "website_endpoint": null
          },
          "sensitive_attributes": [],
          "private": "bnVsbA==",
          "dependencies": [
            "yandex_resourcemanager_folder.hackaton"
          ]
        }
      ]
    },
    {
      "mode": "managed",
      "type": "yandex_vpc_network",
      "name": "hackaton",
      "provider": "provider[\"registry.terraform.io/yandex-cloud/yandex\"]",
      "instances": [
        {
          "schema_version": 0,
          "attributes": {
            "created_at": "2023-04-27T19:50:20Z",
            "default_security_group_id": "",
            "description": "",
            "folder_id": "b1g9g95emqk8fk5gvfdv",
            "id": "enpl8m63la1a4im1pap8",
            "labels": {},
            "name": "hackaton",
            "subnet_ids": [
              "e2lvr6vktlqbifqo4f6f"
            ],
            "timeouts": null
          },
          "sensitive_attributes": [],
          "private": "eyJlMmJmYjczMC1lY2FhLTExZTYtOGY4OC0zNDM2M2JjN2M0YzAiOnsiY3JlYXRlIjo2MDAwMDAwMDAwMCwiZGVsZXRlIjo2MDAwMDAwMDAwMCwidXBkYXRlIjo2MDAwMDAwMDAwMH19",
          "dependencies": [
            "yandex_resourcemanager_folder.hackaton"
          ]
        }
      ]
    },
    {
      "mode": "managed",
      "type": "yandex_vpc_subnet",
      "name": "hackaton-cluster",
      "provider": "provider[\"registry.terraform.io/yandex-cloud/yandex\"]",
      "instances": [
        {
          "schema_version": 0,
          "attributes": {
            "created_at": "2023-04-27T19:50:21Z",
            "description": "",
            "dhcp_options": [],
            "folder_id": "b1g9g95emqk8fk5gvfdv",
            "id": "e2lvr6vktlqbifqo4f6f",
            "labels": {},
            "name": "hackaton-cluster",
            "network_id": "enpl8m63la1a4im1pap8",
            "route_table_id": "",
            "timeouts": null,
            "v4_cidr_blocks": [
              "10.11.0.0/16"
            ],
            "v6_cidr_blocks": [],
            "zone": "ru-central1-b"
          },
          "sensitive_attributes": [],
          "private": "eyJlMmJmYjczMC1lY2FhLTExZTYtOGY4OC0zNDM2M2JjN2M0YzAiOnsiY3JlYXRlIjoxODAwMDAwMDAwMDAsImRlbGV0ZSI6MTgwMDAwMDAwMDAwLCJ1cGRhdGUiOjE4MDAwMDAwMDAwMH19",
          "dependencies": [
            "yandex_resourcemanager_folder.hackaton",
            "yandex_vpc_network.hackaton"
          ]
        }
      ]
    }
  ],
  "check_results": null
}
